
Microsoft Visual Studio Solution File, Format Version 12.00
# Visual Studio Version 16
VisualStudioVersion = 16.0.31727.386
MinimumVisualStudioVersion = 10.0.40219.1
Project("{2150E333-8FDC-42A3-9474-1A3956D46DE8}") = "Week1", "Week1", "{CF68AA28-B00D-47A3-BCC7-5935B0C05965}"
EndProject
Project("{2150E333-8FDC-42A3-9474-1A3956D46DE8}") = "Week2", "Week2", "{F34A099A-E7B3-46C6-A205-753D79DA00B2}"
EndProject
Project("{2150E333-8FDC-42A3-9474-1A3956D46DE8}") = "Week3", "Week3", "{2133337A-1772-45C7-B004-F2D191F8E4FE}"
EndProject
Project("{2150E333-8FDC-42A3-9474-1A3956D46DE8}") = "Week4", "Week4", "{AFFBEC03-9E71-48B0-965B-27BACA0C23A1}"
EndProject
Project("{9A19103F-16F7-4668-BE54-9A1E7A4F7556}") = "Encapsulation", "Encapsulation\Encapsulation.csproj", "{E49255D1-8765-426E-8C1C-1320F06A685F}"
EndProject
Project("{9A19103F-16F7-4668-BE54-9A1E7A4F7556}") = "Constructor", "Constructor\Constructor.csproj", "{CC0F4B80-7D6C-4B64-9917-D990ACAFB881}"
EndProject
Project("{9A19103F-16F7-4668-BE54-9A1E7A4F7556}") = "Inheritance", "Inheritance\Inheritance.csproj", "{46CA5F27-F2C7-44F3-B72C-7BE50A17735C}"
EndProject
Project("{9A19103F-16F7-4668-BE54-9A1E7A4F7556}") = "Polymorphism", "Polymorphism\Polymorphism.csproj", "{40F8C33F-1BC9-4C7F-8905-4BB24793D4FF}"
EndProject
Project("{9A19103F-16F7-4668-BE54-9A1E7A4F7556}") = "AbstractVSInterface", "AbstractVSInterface\AbstractVSInterface.csproj", "{A30EEB63-2B60-410D-A210-0C215DA7688F}"
EndProject
Project("{2150E333-8FDC-42A3-9474-1A3956D46DE8}") = "Day2", "Day2", "{8BD1566B-2B1E-430A-B763-D51FDE6DE22A}"
EndProject
Project("{2150E333-8FDC-42A3-9474-1A3956D46DE8}") = "Day3", "Day3", "{3EBDBEF2-638A-4BBA-B99B-8D030688FE8D}"
EndProject
Project("{9A19103F-16F7-4668-BE54-9A1E7A4F7556}") = "BuiltInInterfaces", "BuiltInInterfaces\BuiltInInterfaces.csproj", "{0C025087-A672-44E9-B19A-CEEAC340A7E2}"
EndProject
Project("{9A19103F-16F7-4668-BE54-9A1E7A4F7556}") = "LooselyCoupled", "LooselyCoupled\LooselyCoupled.csproj", "{BD0D5F17-BDDF-4E57-844D-67F461BD041C}"
EndProject
Project("{9A19103F-16F7-4668-BE54-9A1E7A4F7556}") = "Delegation", "Delegation\Delegation.csproj", "{151C7ECF-61DD-4566-8F7A-840FE1A54ABB}"
EndProject
Project("{FAE04EC0-301F-11D3-BF4B-00C04F79EFBC}") = "ExtensionMethods", "ExtensionMethods\ExtensionMethods.csproj", "{035A876A-229D-4386-B916-6B11479CD352}"
EndProject
Project("{FAE04EC0-301F-11D3-BF4B-00C04F79EFBC}") = "SRP", "SRP\SRP.csproj", "{EA902376-02C0-4EB2-98C5-1037698D078D}"
EndProject
Project("{FAE04EC0-301F-11D3-BF4B-00C04F79EFBC}") = "OCP", "OCP\OCP.csproj", "{4A468D27-8E67-4D2E-99FC-8D8B3753B318}"
EndProject
Project("{FAE04EC0-301F-11D3-BF4B-00C04F79EFBC}") = "LiskovSP", "LSP\LiskovSP.csproj", "{C45B0CB1-33A5-4DD1-87D5-4DB08199F3CC}"
EndProject
Project("{2150E333-8FDC-42A3-9474-1A3956D46DE8}") = "Day4", "Day4", "{5BC28CCB-A5B6-49A6-8C7A-5F1C5971ED7B}"
EndProject
Project("{FAE04EC0-301F-11D3-BF4B-00C04F79EFBC}") = "ISP", "ISP\ISP.csproj", "{EC71E071-0CB2-4F4D-AAF2-811730913792}"
EndProject
Project("{FAE04EC0-301F-11D3-BF4B-00C04F79EFBC}") = "DIP", "DIP\DIP.csproj", "{5B97F11E-0AFA-4612-AF92-6A46BC2E8F7A}"
EndProject
Project("{FAE04EC0-301F-11D3-BF4B-00C04F79EFBC}") = "Strategy", "Strategy\Strategy.csproj", "{BAD33991-2B16-4ACD-BE5B-AB012960FFDE}"
EndProject
Project("{FAE04EC0-301F-11D3-BF4B-00C04F79EFBC}") = "Decorator", "Decorator\Decorator.csproj", "{8D17ECEE-1E9F-4AE5-AF30-7CEA6D6EF76C}"
EndProject
Project("{FAE04EC0-301F-11D3-BF4B-00C04F79EFBC}") = "ChainOfResponsibility", "ChainOfResponsibility\ChainOfResponsibility.csproj", "{5BA18ACE-3548-4710-B7AA-C3C7AAA78017}"
EndProject
Project("{FAE04EC0-301F-11D3-BF4B-00C04F79EFBC}") = "Bridge", "Bridge\Bridge.csproj", "{602253A3-8158-4AFA-8BE8-0DA2BA57A386}"
EndProject
Global
	GlobalSection(SolutionConfigurationPlatforms) = preSolution
		Debug|Any CPU = Debug|Any CPU
		Release|Any CPU = Release|Any CPU
	EndGlobalSection
	GlobalSection(ProjectConfigurationPlatforms) = postSolution
		{E49255D1-8765-426E-8C1C-1320F06A685F}.Debug|Any CPU.ActiveCfg = Debug|Any CPU
		{E49255D1-8765-426E-8C1C-1320F06A685F}.Debug|Any CPU.Build.0 = Debug|Any CPU
		{E49255D1-8765-426E-8C1C-1320F06A685F}.Release|Any CPU.ActiveCfg = Release|Any CPU
		{E49255D1-8765-426E-8C1C-1320F06A685F}.Release|Any CPU.Build.0 = Release|Any CPU
		{CC0F4B80-7D6C-4B64-9917-D990ACAFB881}.Debug|Any CPU.ActiveCfg = Debug|Any CPU
		{CC0F4B80-7D6C-4B64-9917-D990ACAFB881}.Debug|Any CPU.Build.0 = Debug|Any CPU
		{CC0F4B80-7D6C-4B64-9917-D990ACAFB881}.Release|Any CPU.ActiveCfg = Release|Any CPU
		{CC0F4B80-7D6C-4B64-9917-D990ACAFB881}.Release|Any CPU.Build.0 = Release|Any CPU
		{46CA5F27-F2C7-44F3-B72C-7BE50A17735C}.Debug|Any CPU.ActiveCfg = Debug|Any CPU
		{46CA5F27-F2C7-44F3-B72C-7BE50A17735C}.Debug|Any CPU.Build.0 = Debug|Any CPU
		{46CA5F27-F2C7-44F3-B72C-7BE50A17735C}.Release|Any CPU.ActiveCfg = Release|Any CPU
		{46CA5F27-F2C7-44F3-B72C-7BE50A17735C}.Release|Any CPU.Build.0 = Release|Any CPU
		{40F8C33F-1BC9-4C7F-8905-4BB24793D4FF}.Debug|Any CPU.ActiveCfg = Debug|Any CPU
		{40F8C33F-1BC9-4C7F-8905-4BB24793D4FF}.Debug|Any CPU.Build.0 = Debug|Any CPU
		{40F8C33F-1BC9-4C7F-8905-4BB24793D4FF}.Release|Any CPU.ActiveCfg = Release|Any CPU
		{40F8C33F-1BC9-4C7F-8905-4BB24793D4FF}.Release|Any CPU.Build.0 = Release|Any CPU
		{A30EEB63-2B60-410D-A210-0C215DA7688F}.Debug|Any CPU.ActiveCfg = Debug|Any CPU
		{A30EEB63-2B60-410D-A210-0C215DA7688F}.Debug|Any CPU.Build.0 = Debug|Any CPU
		{A30EEB63-2B60-410D-A210-0C215DA7688F}.Release|Any CPU.ActiveCfg = Release|Any CPU
		{A30EEB63-2B60-410D-A210-0C215DA7688F}.Release|Any CPU.Build.0 = Release|Any CPU
		{0C025087-A672-44E9-B19A-CEEAC340A7E2}.Debug|Any CPU.ActiveCfg = Debug|Any CPU
		{0C025087-A672-44E9-B19A-CEEAC340A7E2}.Debug|Any CPU.Build.0 = Debug|Any CPU
		{0C025087-A672-44E9-B19A-CEEAC340A7E2}.Release|Any CPU.ActiveCfg = Release|Any CPU
		{0C025087-A672-44E9-B19A-CEEAC340A7E2}.Release|Any CPU.Build.0 = Release|Any CPU
		{BD0D5F17-BDDF-4E57-844D-67F461BD041C}.Debug|Any CPU.ActiveCfg = Debug|Any CPU
		{BD0D5F17-BDDF-4E57-844D-67F461BD041C}.Debug|Any CPU.Build.0 = Debug|Any CPU
		{BD0D5F17-BDDF-4E57-844D-67F461BD041C}.Release|Any CPU.ActiveCfg = Release|Any CPU
		{BD0D5F17-BDDF-4E57-844D-67F461BD041C}.Release|Any CPU.Build.0 = Release|Any CPU
		{151C7ECF-61DD-4566-8F7A-840FE1A54ABB}.Debug|Any CPU.ActiveCfg = Debug|Any CPU
		{151C7ECF-61DD-4566-8F7A-840FE1A54ABB}.Debug|Any CPU.Build.0 = Debug|Any CPU
		{151C7ECF-61DD-4566-8F7A-840FE1A54ABB}.Release|Any CPU.ActiveCfg = Release|Any CPU
		{151C7ECF-61DD-4566-8F7A-840FE1A54ABB}.Release|Any CPU.Build.0 = Release|Any CPU
		{035A876A-229D-4386-B916-6B11479CD352}.Debug|Any CPU.ActiveCfg = Debug|Any CPU
		{035A876A-229D-4386-B916-6B11479CD352}.Debug|Any CPU.Build.0 = Debug|Any CPU
		{035A876A-229D-4386-B916-6B11479CD352}.Release|Any CPU.ActiveCfg = Release|Any CPU
		{035A876A-229D-4386-B916-6B11479CD352}.Release|Any CPU.Build.0 = Release|Any CPU
		{EA902376-02C0-4EB2-98C5-1037698D078D}.Debug|Any CPU.ActiveCfg = Debug|Any CPU
		{EA902376-02C0-4EB2-98C5-1037698D078D}.Debug|Any CPU.Build.0 = Debug|Any CPU
		{EA902376-02C0-4EB2-98C5-1037698D078D}.Release|Any CPU.ActiveCfg = Release|Any CPU
		{EA902376-02C0-4EB2-98C5-1037698D078D}.Release|Any CPU.Build.0 = Release|Any CPU
		{4A468D27-8E67-4D2E-99FC-8D8B3753B318}.Debug|Any CPU.ActiveCfg = Debug|Any CPU
		{4A468D27-8E67-4D2E-99FC-8D8B3753B318}.Debug|Any CPU.Build.0 = Debug|Any CPU
		{4A468D27-8E67-4D2E-99FC-8D8B3753B318}.Release|Any CPU.ActiveCfg = Release|Any CPU
		{4A468D27-8E67-4D2E-99FC-8D8B3753B318}.Release|Any CPU.Build.0 = Release|Any CPU
		{C45B0CB1-33A5-4DD1-87D5-4DB08199F3CC}.Debug|Any CPU.ActiveCfg = Debug|Any CPU
		{C45B0CB1-33A5-4DD1-87D5-4DB08199F3CC}.Debug|Any CPU.Build.0 = Debug|Any CPU
		{C45B0CB1-33A5-4DD1-87D5-4DB08199F3CC}.Release|Any CPU.ActiveCfg = Release|Any CPU
		{C45B0CB1-33A5-4DD1-87D5-4DB08199F3CC}.Release|Any CPU.Build.0 = Release|Any CPU
		{EC71E071-0CB2-4F4D-AAF2-811730913792}.Debug|Any CPU.ActiveCfg = Debug|Any CPU
		{EC71E071-0CB2-4F4D-AAF2-811730913792}.Debug|Any CPU.Build.0 = Debug|Any CPU
		{EC71E071-0CB2-4F4D-AAF2-811730913792}.Release|Any CPU.ActiveCfg = Release|Any CPU
		{EC71E071-0CB2-4F4D-AAF2-811730913792}.Release|Any CPU.Build.0 = Release|Any CPU
		{5B97F11E-0AFA-4612-AF92-6A46BC2E8F7A}.Debug|Any CPU.ActiveCfg = Debug|Any CPU
		{5B97F11E-0AFA-4612-AF92-6A46BC2E8F7A}.Debug|Any CPU.Build.0 = Debug|Any CPU
		{5B97F11E-0AFA-4612-AF92-6A46BC2E8F7A}.Release|Any CPU.ActiveCfg = Release|Any CPU
		{5B97F11E-0AFA-4612-AF92-6A46BC2E8F7A}.Release|Any CPU.Build.0 = Release|Any CPU
		{BAD33991-2B16-4ACD-BE5B-AB012960FFDE}.Debug|Any CPU.ActiveCfg = Debug|Any CPU
		{BAD33991-2B16-4ACD-BE5B-AB012960FFDE}.Debug|Any CPU.Build.0 = Debug|Any CPU
		{BAD33991-2B16-4ACD-BE5B-AB012960FFDE}.Release|Any CPU.ActiveCfg = Release|Any CPU
		{BAD33991-2B16-4ACD-BE5B-AB012960FFDE}.Release|Any CPU.Build.0 = Release|Any CPU
		{8D17ECEE-1E9F-4AE5-AF30-7CEA6D6EF76C}.Debug|Any CPU.ActiveCfg = Debug|Any CPU
		{8D17ECEE-1E9F-4AE5-AF30-7CEA6D6EF76C}.Debug|Any CPU.Build.0 = Debug|Any CPU
		{8D17ECEE-1E9F-4AE5-AF30-7CEA6D6EF76C}.Release|Any CPU.ActiveCfg = Release|Any CPU
		{8D17ECEE-1E9F-4AE5-AF30-7CEA6D6EF76C}.Release|Any CPU.Build.0 = Release|Any CPU
		{5BA18ACE-3548-4710-B7AA-C3C7AAA78017}.Debug|Any CPU.ActiveCfg = Debug|Any CPU
		{5BA18ACE-3548-4710-B7AA-C3C7AAA78017}.Debug|Any CPU.Build.0 = Debug|Any CPU
		{5BA18ACE-3548-4710-B7AA-C3C7AAA78017}.Release|Any CPU.ActiveCfg = Release|Any CPU
		{5BA18ACE-3548-4710-B7AA-C3C7AAA78017}.Release|Any CPU.Build.0 = Release|Any CPU
		{602253A3-8158-4AFA-8BE8-0DA2BA57A386}.Debug|Any CPU.ActiveCfg = Debug|Any CPU
		{602253A3-8158-4AFA-8BE8-0DA2BA57A386}.Debug|Any CPU.Build.0 = Debug|Any CPU
		{602253A3-8158-4AFA-8BE8-0DA2BA57A386}.Release|Any CPU.ActiveCfg = Release|Any CPU
		{602253A3-8158-4AFA-8BE8-0DA2BA57A386}.Release|Any CPU.Build.0 = Release|Any CPU
	EndGlobalSection
	GlobalSection(SolutionProperties) = preSolution
		HideSolutionNode = FALSE
	EndGlobalSection
	GlobalSection(NestedProjects) = preSolution
		{E49255D1-8765-426E-8C1C-1320F06A685F} = {8BD1566B-2B1E-430A-B763-D51FDE6DE22A}
		{CC0F4B80-7D6C-4B64-9917-D990ACAFB881} = {8BD1566B-2B1E-430A-B763-D51FDE6DE22A}
		{46CA5F27-F2C7-44F3-B72C-7BE50A17735C} = {8BD1566B-2B1E-430A-B763-D51FDE6DE22A}
		{40F8C33F-1BC9-4C7F-8905-4BB24793D4FF} = {8BD1566B-2B1E-430A-B763-D51FDE6DE22A}
		{A30EEB63-2B60-410D-A210-0C215DA7688F} = {8BD1566B-2B1E-430A-B763-D51FDE6DE22A}
		{8BD1566B-2B1E-430A-B763-D51FDE6DE22A} = {CF68AA28-B00D-47A3-BCC7-5935B0C05965}
		{3EBDBEF2-638A-4BBA-B99B-8D030688FE8D} = {CF68AA28-B00D-47A3-BCC7-5935B0C05965}
		{0C025087-A672-44E9-B19A-CEEAC340A7E2} = {3EBDBEF2-638A-4BBA-B99B-8D030688FE8D}
		{BD0D5F17-BDDF-4E57-844D-67F461BD041C} = {3EBDBEF2-638A-4BBA-B99B-8D030688FE8D}
		{151C7ECF-61DD-4566-8F7A-840FE1A54ABB} = {3EBDBEF2-638A-4BBA-B99B-8D030688FE8D}
		{035A876A-229D-4386-B916-6B11479CD352} = {3EBDBEF2-638A-4BBA-B99B-8D030688FE8D}
		{EA902376-02C0-4EB2-98C5-1037698D078D} = {3EBDBEF2-638A-4BBA-B99B-8D030688FE8D}
		{4A468D27-8E67-4D2E-99FC-8D8B3753B318} = {3EBDBEF2-638A-4BBA-B99B-8D030688FE8D}
		{C45B0CB1-33A5-4DD1-87D5-4DB08199F3CC} = {3EBDBEF2-638A-4BBA-B99B-8D030688FE8D}
		{5BC28CCB-A5B6-49A6-8C7A-5F1C5971ED7B} = {CF68AA28-B00D-47A3-BCC7-5935B0C05965}
		{EC71E071-0CB2-4F4D-AAF2-811730913792} = {5BC28CCB-A5B6-49A6-8C7A-5F1C5971ED7B}
		{5B97F11E-0AFA-4612-AF92-6A46BC2E8F7A} = {5BC28CCB-A5B6-49A6-8C7A-5F1C5971ED7B}
		{BAD33991-2B16-4ACD-BE5B-AB012960FFDE} = {5BC28CCB-A5B6-49A6-8C7A-5F1C5971ED7B}
		{8D17ECEE-1E9F-4AE5-AF30-7CEA6D6EF76C} = {5BC28CCB-A5B6-49A6-8C7A-5F1C5971ED7B}
		{5BA18ACE-3548-4710-B7AA-C3C7AAA78017} = {5BC28CCB-A5B6-49A6-8C7A-5F1C5971ED7B}
		{602253A3-8158-4AFA-8BE8-0DA2BA57A386} = {5BC28CCB-A5B6-49A6-8C7A-5F1C5971ED7B}
	EndGlobalSection
	GlobalSection(ExtensibilityGlobals) = postSolution
		SolutionGuid = {13B29E22-DA25-4E78-8B0F-01ACE633B1C2}
	EndGlobalSection
EndGlobal
